
Microsoft Visual Studio Solution File, Format Version 12.00
# Visual Studio Version 17
VisualStudioVersion = 17.14.36301.6
MinimumVisualStudioVersion = 10.0.40219.1
Project("{FAE04EC0-301F-11D3-BF4B-00C04F79EFBC}") = "ConvexHull", "src\ConvexHull\ConvexHull.csproj", "{7A468F3A-A7E9-49C8-807F-ACE5B1A6C5FA}"
EndProject
Project("{2150E333-8FDC-42A3-9474-1A3956D46DE8}") = "src", "src", "{02EA681E-C7D8-13C7-8484-4AC65E1B71E8}"
EndProject
Project("{2150E333-8FDC-42A3-9474-1A3956D46DE8}") = "tests", "tests", "{C0943B72-DB9F-48B7-B9C6-8B448FC94224}"
EndProject
Project("{FAE04EC0-301F-11D3-BF4B-00C04F79EFBC}") = "ConvexHull.Tests", "tests\ConvexHull.Tests\ConvexHull.Tests.csproj", "{0C6309D1-5F83-4068-B55D-CE624897F19E}"
EndProject
Global
	GlobalSection(SolutionConfigurationPlatforms) = preSolution
		Debug|Any CPU = Debug|Any CPU
		Release|Any CPU = Release|Any CPU
	EndGlobalSection
	GlobalSection(ProjectConfigurationPlatforms) = postSolution
		{7A468F3A-A7E9-49C8-807F-ACE5B1A6C5FA}.Debug|Any CPU.ActiveCfg = Debug|Any CPU
		{7A468F3A-A7E9-49C8-807F-ACE5B1A6C5FA}.Debug|Any CPU.Build.0 = Debug|Any CPU
		{7A468F3A-A7E9-49C8-807F-ACE5B1A6C5FA}.Release|Any CPU.ActiveCfg = Release|Any CPU
		{7A468F3A-A7E9-49C8-807F-ACE5B1A6C5FA}.Release|Any CPU.Build.0 = Release|Any CPU
		{0C6309D1-5F83-4068-B55D-CE624897F19E}.Debug|Any CPU.ActiveCfg = Debug|Any CPU
		{0C6309D1-5F83-4068-B55D-CE624897F19E}.Debug|Any CPU.Build.0 = Debug|Any CPU
		{0C6309D1-5F83-4068-B55D-CE624897F19E}.Release|Any CPU.ActiveCfg = Release|Any CPU
		{0C6309D1-5F83-4068-B55D-CE624897F19E}.Release|Any CPU.Build.0 = Release|Any CPU
	EndGlobalSection
	GlobalSection(SolutionProperties) = preSolution
		HideSolutionNode = FALSE
	EndGlobalSection
	GlobalSection(NestedProjects) = preSolution
		{7A468F3A-A7E9-49C8-807F-ACE5B1A6C5FA} = {02EA681E-C7D8-13C7-8484-4AC65E1B71E8}
		{0C6309D1-5F83-4068-B55D-CE624897F19E} = {C0943B72-DB9F-48B7-B9C6-8B448FC94224}
	EndGlobalSection
	GlobalSection(ExtensibilityGlobals) = postSolution
		SolutionGuid = {A7B67640-584D-4DB7-ABFD-202A99DE203E}
	EndGlobalSection
EndGlobal
